
Microsoft Visual Studio Solution File, Format Version 12.00
# Visual Studio Version 17
VisualStudioVersion = 17.5.33530.505
MinimumVisualStudioVersion = 10.0.40219.1
Project("{FAE04EC0-301F-11D3-BF4B-00C04F79EFBC}") = "NovinskaAgencijaConsole", "NovinskaAgencijaConsole\NovinskaAgencijaConsole.csproj", "{6B87D9CD-AE34-439B-BE93-943E6D380EBE}"
EndProject
Global
	GlobalSection(SolutionConfigurationPlatforms) = preSolution
		Debug|Any CPU = Debug|Any CPU
		Release|Any CPU = Release|Any CPU
	EndGlobalSection
	GlobalSection(ProjectConfigurationPlatforms) = postSolution
		{6B87D9CD-AE34-439B-BE93-943E6D380EBE}.Debug|Any CPU.ActiveCfg = Debug|Any CPU
		{6B87D9CD-AE34-439B-BE93-943E6D380EBE}.Debug|Any CPU.Build.0 = Debug|Any CPU
		{6B87D9CD-AE34-439B-BE93-943E6D380EBE}.Release|Any CPU.ActiveCfg = Release|Any CPU
		{6B87D9CD-AE34-439B-BE93-943E6D380EBE}.Release|Any CPU.Build.0 = Release|Any CPU
	EndGlobalSection
	GlobalSection(SolutionProperties) = preSolution
		HideSolutionNode = FALSE
	EndGlobalSection
	GlobalSection(ExtensibilityGlobals) = postSolution
		SolutionGuid = {B7C91775-E8B6-4781-82E8-73D5F27BC8E2}
	EndGlobalSection
EndGlobal
